
Microsoft Visual Studio Solution File, Format Version 9.00
# Visual Studio 2005
Project("{FAE04EC0-301F-11D3-BF4B-00C04F79EFBC}") = "气门插入翻转机", "气门插入翻转机\气门插入翻转机.csproj", "{F18617E7-8277-4925-9498-DE76B6E224D5}"
EndProject
Global
	GlobalSection(SolutionConfigurationPlatforms) = preSolution
		Debug|Any CPU = Debug|Any CPU
		Release|Any CPU = Release|Any CPU
	EndGlobalSection
	GlobalSection(ProjectConfigurationPlatforms) = postSolution
		{F18617E7-8277-4925-9498-DE76B6E224D5}.Debug|Any CPU.ActiveCfg = Debug|Any CPU
		{F18617E7-8277-4925-9498-DE76B6E224D5}.Debug|Any CPU.Build.0 = Debug|Any CPU
		{F18617E7-8277-4925-9498-DE76B6E224D5}.Release|Any CPU.ActiveCfg = Release|Any CPU
		{F18617E7-8277-4925-9498-DE76B6E224D5}.Release|Any CPU.Build.0 = Release|Any CPU
	EndGlobalSection
	GlobalSection(SolutionProperties) = preSolution
		HideSolutionNode = FALSE
	EndGlobalSection
EndGlobal
